{
  "name": "@simis/ai-router",
  "version": "1.0.0",
  "lockfileVersion": 3,
  "requires": true,
  "packages": {
    "": {
      "name": "@simis/ai-router",
      "version": "1.0.0",
      "dependencies": {
        "@langchain/core": "^1.1.48",
        "@langchain/langgraph": "^1.3.4",
        "@langchain/openai": "^1.4.7",
        "@upstash/qstash": "^2.11.0",
        "ioredis": "^5.3.2",
        "langsmith": "^0.7.5",
        "zod": "^4.4.3"
      },
      "devDependencies": {
        "@types/node": "^20.0.0",
        "typescript": "^5.0.0"
      }
    },
    "../../node_modules/.pnpm/@langchain+core@1.1.48_@opentelemetry+api@1.9.1_openai@6.42.0_ws@8.21.0_zod@4.4.3__ws@8.21.0/node_modules/@langchain/core": {
      "version": "1.1.48",
      "license": "MIT",
      "dependencies": {
        "@cfworker/json-schema": "^4.0.2",
        "@standard-schema/spec": "^1.1.0",
        "js-tiktoken": "^1.0.12",
        "langsmith": ">=0.5.0 <1.0.0",
        "mustache": "^4.2.0",
        "p-queue": "^6.6.2",
        "zod": "^3.25.76 || ^4"
      },
      "devDependencies": {
        "@langchain/tsconfig": "0.0.1",
        "@types/mustache": "^4",
        "@types/node": "^25.5.0",
        "dotenv": "^17.4.0",
        "dpdm": "^3.14.0",
        "ml-matrix": "^6.10.4",
        "rimraf": "^6.1.3",
        "typescript": "~5.8.3",
        "vitest": "^4.1.2",
        "web-streams-polyfill": "^4.2.0"
      },
      "engines": {
        "node": ">=20"
      }
    },
    "../../node_modules/.pnpm/@langchain+langgraph@1.3.4_@langchain+core@1.1.48_@opentelemetry+api@1.9.1_openai@6.42.0_ws@8_zqv3kvw67se72tuiz2sc4rul6u/node_modules/@langchain/langgraph": {
      "version": "1.3.4",
      "license": "MIT",
      "dependencies": {
        "@langchain/langgraph-checkpoint": "^1.0.4",
        "@langchain/langgraph-sdk": "~1.9.12",
        "@langchain/protocol": "^0.0.16",
        "@standard-schema/spec": "1.1.0",
        "uuid": "^14.0.0"
      },
      "devDependencies": {
        "@langchain/anthropic": "^1.3.28",
        "@langchain/core": "^1.1.44",
        "@langchain/langgraph-checkpoint-postgres": "1.0.2",
        "@langchain/langgraph-checkpoint-sqlite": "1.0.1",
        "@langchain/openai": "^1.4.5",
        "@langchain/scripts": ">=0.1.3 <0.2.0",
        "@langchain/tavily": "^1.0.0",
        "@swc/core": "^1.3.90",
        "@testing-library/dom": "^10.4.0",
        "@tsconfig/recommended": "^1.0.3",
        "@types/pg": "^8",
        "@types/uuid": "^10",
        "@vitest/browser": "^3.0.8",
        "@xenova/transformers": "^2.17.2",
        "cheerio": "1.0.0-rc.12",
        "dotenv": "^16.3.1",
        "dpdm": "^3.12.0",
        "langchain": "^1.3.5",
        "pg": "^8.13.0",
        "playwright": "^1.55.1",
        "rollup": "^4.37.0",
        "tsx": "^4.19.3",
        "typescript": "^4.9.5 || ^5.4.5",
        "vite-plugin-node-polyfills": "^0.23.0",
        "vitest": "^3.2.4",
        "zod-to-json-schema": "^3.22.4"
      },
      "engines": {
        "node": ">=18"
      },
      "peerDependencies": {
        "@langchain/core": "^1.1.44",
        "zod": "^3.25.32 || ^4.2.0",
        "zod-to-json-schema": "^3.x"
      },
      "peerDependenciesMeta": {
        "zod-to-json-schema": {
          "optional": true
        }
      }
    },
    "../../node_modules/.pnpm/@langchain+openai@1.4.7_@langchain+core@1.1.48_@opentelemetry+api@1.9.1_openai@6.42.0_ws@8.21_qu3tbpzwu47lg56ciwiasrmhyq/node_modules/@langchain/openai": {
      "version": "1.4.7",
      "license": "MIT",
      "dependencies": {
        "js-tiktoken": "^1.0.12",
        "openai": "^6.37.0",
        "zod": "^3.25.76 || ^4"
      },
      "devDependencies": {
        "@azure/identity": "^4.2.1",
        "@cfworker/json-schema": "^4.1.1",
        "@langchain/core": "^1.1.48",
        "@langchain/standard-tests": "0.0.23",
        "@langchain/tsconfig": "0.0.1",
        "@tsconfig/recommended": "^1.0.10",
        "@types/node": "^25.5.0",
        "@vitest/coverage-v8": "^3.2.4",
        "dotenv": "^17.4.0",
        "dpdm": "^3.14.0",
        "rimraf": "^6.1.3",
        "typescript": "~5.8.3",
        "vitest": "^4.1.2",
        "zod-to-json-schema": "^3.25.2"
      },
      "engines": {
        "node": ">=20"
      },
      "peerDependencies": {
        "@langchain/core": "^1.1.48"
      }
    },
    "../../node_modules/.pnpm/@types+node@20.19.41/node_modules/@types/node": {
      "version": "20.19.41",
      "dev": true,
      "license": "MIT",
      "dependencies": {
        "undici-types": "~6.21.0"
      }
    },
    "../../node_modules/.pnpm/ioredis@5.11.0/node_modules/ioredis": {
      "version": "5.11.0",
      "license": "MIT",
      "dependencies": {
        "@ioredis/commands": "1.10.0",
        "cluster-key-slot": "1.1.1",
        "debug": "4.4.3",
        "denque": "2.1.0",
        "redis-errors": "1.2.0",
        "redis-parser": "3.0.0",
        "standard-as-callback": "2.1.0"
      },
      "devDependencies": {
        "@ioredis/interface-generator": "^1.3.0",
        "@semantic-release/changelog": "^6.0.1",
        "@semantic-release/commit-analyzer": "^9.0.2",
        "@semantic-release/git": "^10.0.1",
        "@types/chai": "^4.3.0",
        "@types/chai-as-promised": "^7.1.5",
        "@types/debug": "^4.1.5",
        "@types/mocha": "^9.1.0",
        "@types/node": "^14.18.12",
        "@types/redis-errors": "^1.2.1",
        "@types/sinon": "^10.0.11",
        "@typescript-eslint/eslint-plugin": "^5.48.1",
        "@typescript-eslint/parser": "^5.48.1",
        "chai": "^4.3.6",
        "chai-as-promised": "^7.1.1",
        "eslint": "^8.31.0",
        "eslint-config-prettier": "^8.6.0",
        "mocha": "^11.7.6",
        "nyc": "^15.1.0",
        "prettier": "^2.6.1",
        "semantic-release": "^19.0.2",
        "server-destroy": "^1.0.1",
        "sinon": "^13.0.1",
        "ts-node": "^10.4.0",
        "tsd": "^0.19.1",
        "typedoc": "^0.22.18",
        "typescript": "^4.6.3",
        "uuid": "^9.0.0"
      },
      "engines": {
        "node": ">=12.22.0"
      },
      "funding": {
        "type": "opencollective",
        "url": "https://opencollective.com/ioredis"
      }
    },
    "../../node_modules/.pnpm/langsmith@0.7.5_@opentelemetry+api@1.9.1_openai@6.42.0_ws@8.21.0_zod@4.4.3__ws@8.21.0/node_modules/langsmith": {
      "version": "0.7.5",
      "license": "MIT",
      "dependencies": {
        "p-queue": "6.6.2"
      },
      "devDependencies": {
        "@ai-sdk/anthropic": "4.0.0-canary.55",
        "@ai-sdk/openai": "4.0.0-canary.59",
        "@ai-sdk/provider": "4.0.0-canary.16",
        "@anthropic-ai/claude-agent-sdk": "^0.3.150",
        "@anthropic-ai/sdk": "^0.98.0",
        "@babel/preset-env": "^7.22.4",
        "@faker-js/faker": "^8.4.1",
        "@google/genai": "^2.0.1",
        "@jest/globals": "^29.5.0",
        "@jest/reporters": "^30.2.0",
        "@langchain/core": "^0.3.72",
        "@langchain/langgraph": "^0.3.6",
        "@langchain/openai": "^0.6.17",
        "@openai/agents": "^0.11.5",
        "@opentelemetry/api": "^1.9.0",
        "@opentelemetry/auto-instrumentations-node": "^0.76.0",
        "@opentelemetry/context-async-hooks": "^2.6.1",
        "@opentelemetry/sdk-node": "^0.218.0",
        "@opentelemetry/sdk-trace-base": "^2.0.0",
        "@opentelemetry/sdk-trace-node": "^2.0.0",
        "@tsconfig/recommended": "^1.0.2",
        "@types/jest": "^29.5.1",
        "@types/node": "^25.9.1",
        "@types/node-fetch": "^2.6.12",
        "@types/semver": "^7.7.1",
        "@types/ws": "^8.18.1",
        "@typescript-eslint/eslint-plugin": "^5.59.8",
        "@typescript-eslint/parser": "^5.59.8",
        "ai": "7.0.0-canary.142",
        "babel-jest": "^30.2.0",
        "cross-env": "^10.1.0",
        "dotenv": "^17.3.1",
        "jest": "^29.5.0",
        "langchain": "^0.3.29",
        "mongoose": "^9.5.0",
        "msw": "^2.11.2",
        "node-fetch": "^3.3.2",
        "openai": "^6.18.0",
        "oxfmt": "^0.47.0",
        "oxlint": "^1.62.0",
        "semver": "^7.7.4",
        "ts-jest": "^29.1.0",
        "ts-node": "^10.9.1",
        "typedoc": "^0.28.16",
        "typedoc-plugin-expand-object-like-types": "^0.1.2",
        "typescript": "^6.0.3",
        "vitest": "^3.1.3",
        "ws": "^8.19.0",
        "zod": "^4.3.6"
      },
      "peerDependencies": {
        "@opentelemetry/api": "*",
        "@opentelemetry/exporter-trace-otlp-proto": "*",
        "@opentelemetry/sdk-trace-base": "*",
        "openai": "*",
        "ws": ">=7"
      },
      "peerDependenciesMeta": {
        "@opentelemetry/api": {
          "optional": true
        },
        "@opentelemetry/exporter-trace-otlp-proto": {
          "optional": true
        },
        "@opentelemetry/sdk-trace-base": {
          "optional": true
        },
        "openai": {
          "optional": true
        },
        "ws": {
          "optional": true
        }
      }
    },
    "../../node_modules/.pnpm/typescript@5.9.3/node_modules/typescript": {
      "version": "5.9.3",
      "dev": true,
      "license": "Apache-2.0",
      "bin": {
        "tsc": "bin/tsc",
        "tsserver": "bin/tsserver"
      },
      "devDependencies": {
        "@dprint/formatter": "^0.4.1",
        "@dprint/typescript": "0.93.4",
        "@esfx/canceltoken": "^1.0.0",
        "@eslint/js": "^9.20.0",
        "@octokit/rest": "^21.1.1",
        "@types/chai": "^4.3.20",
        "@types/diff": "^7.0.1",
        "@types/minimist": "^1.2.5",
        "@types/mocha": "^10.0.10",
        "@types/ms": "^0.7.34",
        "@types/node": "latest",
        "@types/source-map-support": "^0.5.10",
        "@types/which": "^3.0.4",
        "@typescript-eslint/rule-tester": "^8.24.1",
        "@typescript-eslint/type-utils": "^8.24.1",
        "@typescript-eslint/utils": "^8.24.1",
        "azure-devops-node-api": "^14.1.0",
        "c8": "^10.1.3",
        "chai": "^4.5.0",
        "chokidar": "^4.0.3",
        "diff": "^7.0.0",
        "dprint": "^0.49.0",
        "esbuild": "^0.25.0",
        "eslint": "^9.20.1",
        "eslint-formatter-autolinkable-stylish": "^1.4.0",
        "eslint-plugin-regexp": "^2.7.0",
        "fast-xml-parser": "^4.5.2",
        "glob": "^10.4.5",
        "globals": "^15.15.0",
        "hereby": "^1.10.0",
        "jsonc-parser": "^3.3.1",
        "knip": "^5.44.4",
        "minimist": "^1.2.8",
        "mocha": "^10.8.2",
        "mocha-fivemat-progress-reporter": "^0.1.0",
        "monocart-coverage-reports": "^2.12.1",
        "ms": "^2.1.3",
        "picocolors": "^1.1.1",
        "playwright": "^1.50.1",
        "source-map-support": "^0.5.21",
        "tslib": "^2.8.1",
        "typescript": "^5.7.3",
        "typescript-eslint": "^8.24.1",
        "which": "^3.0.1"
      },
      "engines": {
        "node": ">=14.17"
      }
    },
    "../../node_modules/.pnpm/zod@4.4.3/node_modules/zod": {
      "version": "4.4.3",
      "license": "MIT",
      "funding": {
        "url": "https://github.com/sponsors/colinhacks"
      }
    },
    "node_modules/@langchain/core": {
      "resolved": "../../node_modules/.pnpm/@langchain+core@1.1.48_@opentelemetry+api@1.9.1_openai@6.42.0_ws@8.21.0_zod@4.4.3__ws@8.21.0/node_modules/@langchain/core",
      "link": true
    },
    "node_modules/@langchain/langgraph": {
      "resolved": "../../node_modules/.pnpm/@langchain+langgraph@1.3.4_@langchain+core@1.1.48_@opentelemetry+api@1.9.1_openai@6.42.0_ws@8_zqv3kvw67se72tuiz2sc4rul6u/node_modules/@langchain/langgraph",
      "link": true
    },
    "node_modules/@langchain/openai": {
      "resolved": "../../node_modules/.pnpm/@langchain+openai@1.4.7_@langchain+core@1.1.48_@opentelemetry+api@1.9.1_openai@6.42.0_ws@8.21_qu3tbpzwu47lg56ciwiasrmhyq/node_modules/@langchain/openai",
      "link": true
    },
    "node_modules/@types/node": {
      "resolved": "../../node_modules/.pnpm/@types+node@20.19.41/node_modules/@types/node",
      "link": true
    },
    "node_modules/@upstash/qstash": {
      "version": "2.11.0",
      "resolved": "https://registry.npmjs.org/@upstash/qstash/-/qstash-2.11.0.tgz",
      "integrity": "sha512-AfPPxsUeOJCrxMQ9dkh1RZL40wgxCsUNFkxrbBSomC3U4j4qKFRawU8sDK+dqqH+sZFUS1biVM4GK46d5Tg2Vg==",
      "license": "MIT",
      "dependencies": {
        "crypto-js": ">=4.2.0",
        "jose": "^5.2.3",
        "neverthrow": "^7.0.1"
      }
    },
    "node_modules/crypto-js": {
      "version": "4.2.0",
      "resolved": "https://registry.npmjs.org/crypto-js/-/crypto-js-4.2.0.tgz",
      "integrity": "sha512-KALDyEYgpY+Rlob/iriUtjV6d5Eq+Y191A5g4UqLAi8CyGP9N1+FdVbkc1SxKc2r4YAYqG8JzO2KGL+AizD70Q==",
      "license": "MIT"
    },
    "node_modules/ioredis": {
      "resolved": "../../node_modules/.pnpm/ioredis@5.11.0/node_modules/ioredis",
      "link": true
    },
    "node_modules/jose": {
      "version": "5.10.0",
      "resolved": "https://registry.npmjs.org/jose/-/jose-5.10.0.tgz",
      "integrity": "sha512-s+3Al/p9g32Iq+oqXxkW//7jk2Vig6FF1CFqzVXoTUXt2qz89YWbL+OwS17NFYEvxC35n0FKeGO2LGYSxeM2Gg==",
      "license": "MIT",
      "funding": {
        "url": "https://github.com/sponsors/panva"
      }
    },
    "node_modules/langsmith": {
      "resolved": "../../node_modules/.pnpm/langsmith@0.7.5_@opentelemetry+api@1.9.1_openai@6.42.0_ws@8.21.0_zod@4.4.3__ws@8.21.0/node_modules/langsmith",
      "link": true
    },
    "node_modules/neverthrow": {
      "version": "7.2.0",
      "resolved": "https://registry.npmjs.org/neverthrow/-/neverthrow-7.2.0.tgz",
      "integrity": "sha512-iGBUfFB7yPczHHtA8dksKTJ9E8TESNTAx1UQWW6TzMF280vo9jdPYpLUXrMN1BCkPdHFdNG3fxOt2CUad8KhAw==",
      "license": "MIT",
      "engines": {
        "node": ">=18"
      }
    },
    "node_modules/typescript": {
      "resolved": "../../node_modules/.pnpm/typescript@5.9.3/node_modules/typescript",
      "link": true
    },
    "node_modules/zod": {
      "resolved": "../../node_modules/.pnpm/zod@4.4.3/node_modules/zod",
      "link": true
    }
  }
}
